
Microsoft Visual Studio Solution File, Format Version 12.00
# Visual Studio Version 16
VisualStudioVersion = 16.0.31205.134
MinimumVisualStudioVersion = 10.0.40219.1
Project("{9A19103F-16F7-4668-BE54-9A1E7A4F7556}") = "QLTV_V2", "QLTV_V2\QLTV_V2.csproj", "{C11AF8F6-FF0F-4F87-BEFD-A1D8A8A92AC3}"
EndProject
Global
	GlobalSection(SolutionConfigurationPlatforms) = preSolution
		Debug|Any CPU = Debug|Any CPU
		Release|Any CPU = Release|Any CPU
	EndGlobalSection
	GlobalSection(ProjectConfigurationPlatforms) = postSolution
		{C11AF8F6-FF0F-4F87-BEFD-A1D8A8A92AC3}.Debug|Any CPU.ActiveCfg = Debug|Any CPU
		{C11AF8F6-FF0F-4F87-BEFD-A1D8A8A92AC3}.Debug|Any CPU.Build.0 = Debug|Any CPU
		{C11AF8F6-FF0F-4F87-BEFD-A1D8A8A92AC3}.Release|Any CPU.ActiveCfg = Release|Any CPU
		{C11AF8F6-FF0F-4F87-BEFD-A1D8A8A92AC3}.Release|Any CPU.Build.0 = Release|Any CPU
	EndGlobalSection
	GlobalSection(SolutionProperties) = preSolution
		HideSolutionNode = FALSE
	EndGlobalSection
	GlobalSection(ExtensibilityGlobals) = postSolution
		SolutionGuid = {F89B6166-B30D-469C-BEBF-6328BA89B797}
	EndGlobalSection
EndGlobal
